PODS:
  - Alamofire (4.8.2)
  - Apollo (0.13.0):
    - Apollo/Core (= 0.13.0)
  - Apollo/Core (0.13.0)
  - Crashlytics (3.13.4):
    - Fabric (~> 1.10.2)
  - DataCompression (3.6.0)
  - Differentiator (4.0.1)
  - Fabric (1.10.2)
  - ObjectMapper (3.5.1)
  - ReachabilitySwift (4.3.1)
  - Realm (3.17.3):
    - Realm/Headers (= 3.17.3)
  - Realm/Headers (3.17.3)
  - RealmSwift (3.17.3):
    - Realm (= 3.17.3)
  - RxAlamofire (5.0.0):
    - RxAlamofire/Core (= 5.0.0)
  - RxAlamofire/Core (5.0.0):
    - Alamofire (~> 4.8)
    - RxSwift (~> 5.0)
  - RxCocoa (5.0.0):
    - RxRelay (~> 5)
    - RxSwift (~> 5)
  - RxDataSources (4.0.1):
    - Differentiator (~> 4.0)
    - RxCocoa (~> 5.0)
    - RxSwift (~> 5.0)
  - RxRealm (1.0.0):
    - RealmSwift (~> 3.14)
    - RxSwift (~> 5.0)
  - RxRelay (5.0.0):
    - RxSwift (~> 5)
  - RxSwift (5.0.0)
  - SDWebImage (5.0.6):
    - SDWebImage/Core (= 5.0.6)
  - SDWebImage/Core (5.0.6)

DEPENDENCIES:
  - Alamofire
  - Apollo
  - Crashlytics
  - DataCompression
  - Fabric
  - ObjectMapper
  - ReachabilitySwift
  - RealmSwift
  - RxAlamofire
  - RxCocoa
  - RxDataSources
  - RxRealm
  - RxSwift
  - SDWebImage

SPEC REPOS:
  https://github.com/CocoaPods/Specs.git:
    - Alamofire
    - Apollo
    - Crashlytics
    - DataCompression
    - Differentiator
    - Fabric
    - ObjectMapper
    - ReachabilitySwift
    - Realm
    - RealmSwift
    - RxAlamofire
    - RxCocoa
    - RxDataSources
    - RxRealm
    - RxRelay
    - RxSwift
    - SDWebImage

SPEC CHECKSUMS:
  Alamofire: ae5c501addb7afdbb13687d7f2f722c78734c2d3
  Apollo: 603a59c12046c50f3188f4e5dfdae080d20ded55
  Crashlytics: 2dfd686bcb918dc10ee0e76f7f853fe42c7bd552
  DataCompression: 06628f9c807b6f152e0da37635633f62fc51dc77
  Differentiator: 886080237d9f87f322641dedbc5be257061b0602
  Fabric: 706c8b8098fff96c33c0db69cbf81f9c551d0d74
  ObjectMapper: 70187b8941977c62ccfb423caf6b50be405cabf0
  ReachabilitySwift: 4032e2f59586e11e3b0ebe15b167abdd587a388b
  Realm: 5a1d9d47bfc101dd597668b1a8af4288a2557f6d
  RealmSwift: b7fdc2d18616621c31df5c7a398a45a2163f8eb0
  RxAlamofire: e7875a012aff55345672d0f70a2a9cd6aeb0f211
  RxCocoa: fcf32050ac00d801f34a7f71d5e8e7f23026dcd8
  RxDataSources: efee07fa4de48477eca0a4611e6d11e2da9c1114
  RxRealm: 1e81dcfca1fb50c3e9b3e1f8102bc875c5156a2e
  RxRelay: 4f7409406a51a55cd88483f21ed898c234d60f18
  RxSwift: 8b0671caa829a763bbce7271095859121cbd895f
  SDWebImage: 920f1a2ff1ca8296ad34f6e0510a1ef1d70ac965

PODFILE CHECKSUM: e005b45ac65e25c1c631c39d6b9bff466bb44830

COCOAPODS: 1.8.4
